
Microsoft Visual Studio Solution File, Format Version 12.00
# Visual Studio 15
VisualStudioVersion = 15.0.27130.2027
MinimumVisualStudioVersion = 10.0.40219.1
Project("{FAE04EC0-301F-11D3-BF4B-00C04F79EFBC}") = "P3_U6_MonroyLopezArielAlejandro", "P3_U6_MonroyLopezArielAlejandro\P3_U6_MonroyLopezArielAlejandro.csproj", "{4C39406A-9D2C-46F1-8A52-31672297366B}"
EndProject
Global
	GlobalSection(SolutionConfigurationPlatforms) = preSolution
		Debug|Any CPU = Debug|Any CPU
		Release|Any CPU = Release|Any CPU
	EndGlobalSection
	GlobalSection(ProjectConfigurationPlatforms) = postSolution
		{4C39406A-9D2C-46F1-8A52-31672297366B}.Debug|Any CPU.ActiveCfg = Debug|Any CPU
		{4C39406A-9D2C-46F1-8A52-31672297366B}.Debug|Any CPU.Build.0 = Debug|Any CPU
		{4C39406A-9D2C-46F1-8A52-31672297366B}.Release|Any CPU.ActiveCfg = Release|Any CPU
		{4C39406A-9D2C-46F1-8A52-31672297366B}.Release|Any CPU.Build.0 = Release|Any CPU
	EndGlobalSection
	GlobalSection(SolutionProperties) = preSolution
		HideSolutionNode = FALSE
	EndGlobalSection
	GlobalSection(ExtensibilityGlobals) = postSolution
		SolutionGuid = {075D78BF-88F1-4EFD-8665-12984850ABAB}
	EndGlobalSection
EndGlobal
