
Microsoft Visual Studio Solution File, Format Version 12.00
# Visual Studio 15
VisualStudioVersion = 15.0.27130.2027
MinimumVisualStudioVersion = 10.0.40219.1
Project("{FAE04EC0-301F-11D3-BF4B-00C04F79EFBC}") = "P4_4_MonroyLopezArielAlejandro", "P4_4_MonroyLopezArielAlejandro\P4_4_MonroyLopezArielAlejandro.csproj", "{6603177F-57C8-4C42-AADE-3DCE96248F63}"
EndProject
Global
	GlobalSection(SolutionConfigurationPlatforms) = preSolution
		Debug|Any CPU = Debug|Any CPU
		Release|Any CPU = Release|Any CPU
	EndGlobalSection
	GlobalSection(ProjectConfigurationPlatforms) = postSolution
		{6603177F-57C8-4C42-AADE-3DCE96248F63}.Debug|Any CPU.ActiveCfg = Debug|Any CPU
		{6603177F-57C8-4C42-AADE-3DCE96248F63}.Debug|Any CPU.Build.0 = Debug|Any CPU
		{6603177F-57C8-4C42-AADE-3DCE96248F63}.Release|Any CPU.ActiveCfg = Release|Any CPU
		{6603177F-57C8-4C42-AADE-3DCE96248F63}.Release|Any CPU.Build.0 = Release|Any CPU
	EndGlobalSection
	GlobalSection(SolutionProperties) = preSolution
		HideSolutionNode = FALSE
	EndGlobalSection
	GlobalSection(ExtensibilityGlobals) = postSolution
		SolutionGuid = {65822DD1-D3AC-415C-AAA4-1908C3A38A10}
	EndGlobalSection
EndGlobal
