
Microsoft Visual Studio Solution File, Format Version 12.00
# Visual Studio 15
VisualStudioVersion = 15.0.27130.2027
MinimumVisualStudioVersion = 10.0.40219.1
Project("{FAE04EC0-301F-11D3-BF4B-00C04F79EFBC}") = "E6_MonroyLopezArielAlejandro", "E6_MonroyLopezArielAlejandro\E6_MonroyLopezArielAlejandro.csproj", "{8D3FE10F-69FB-4826-B526-F8396B401747}"
EndProject
Global
	GlobalSection(SolutionConfigurationPlatforms) = preSolution
		Debug|Any CPU = Debug|Any CPU
		Release|Any CPU = Release|Any CPU
	EndGlobalSection
	GlobalSection(ProjectConfigurationPlatforms) = postSolution
		{8D3FE10F-69FB-4826-B526-F8396B401747}.Debug|Any CPU.ActiveCfg = Debug|Any CPU
		{8D3FE10F-69FB-4826-B526-F8396B401747}.Debug|Any CPU.Build.0 = Debug|Any CPU
		{8D3FE10F-69FB-4826-B526-F8396B401747}.Release|Any CPU.ActiveCfg = Release|Any CPU
		{8D3FE10F-69FB-4826-B526-F8396B401747}.Release|Any CPU.Build.0 = Release|Any CPU
	EndGlobalSection
	GlobalSection(SolutionProperties) = preSolution
		HideSolutionNode = FALSE
	EndGlobalSection
	GlobalSection(ExtensibilityGlobals) = postSolution
		SolutionGuid = {02905409-DF1A-487D-A6D8-E53A48C44894}
	EndGlobalSection
EndGlobal
