
Microsoft Visual Studio Solution File, Format Version 12.00
# Visual Studio 15
VisualStudioVersion = 15.0.27130.2027
MinimumVisualStudioVersion = 10.0.40219.1
Project("{FAE04EC0-301F-11D3-BF4B-00C04F79EFBC}") = "E3_1_MonroyLopezArielAlejandro", "E3_1_MonroyLopezArielAlejandro\E3_1_MonroyLopezArielAlejandro.csproj", "{2A3F6814-93C9-4023-85EE-CD67D344E98E}"
EndProject
Global
	GlobalSection(SolutionConfigurationPlatforms) = preSolution
		Debug|Any CPU = Debug|Any CPU
		Release|Any CPU = Release|Any CPU
	EndGlobalSection
	GlobalSection(ProjectConfigurationPlatforms) = postSolution
		{2A3F6814-93C9-4023-85EE-CD67D344E98E}.Debug|Any CPU.ActiveCfg = Debug|Any CPU
		{2A3F6814-93C9-4023-85EE-CD67D344E98E}.Debug|Any CPU.Build.0 = Debug|Any CPU
		{2A3F6814-93C9-4023-85EE-CD67D344E98E}.Release|Any CPU.ActiveCfg = Release|Any CPU
		{2A3F6814-93C9-4023-85EE-CD67D344E98E}.Release|Any CPU.Build.0 = Release|Any CPU
	EndGlobalSection
	GlobalSection(SolutionProperties) = preSolution
		HideSolutionNode = FALSE
	EndGlobalSection
	GlobalSection(ExtensibilityGlobals) = postSolution
		SolutionGuid = {EC4B400E-7CFF-41DC-AB94-2CAD4D403446}
	EndGlobalSection
EndGlobal
